schema: '2.0'
stages:
  data_loading_and_cleaning:
    cmd: python income_classification/data_loading_and_cleaning.py
    deps:
    - path: data/raw
      hash: md5
      md5: 3fd59943a92e630e9354fd853dcd47e4.dir
      size: 4104734
      nfiles: 2
    - path: income_classification/data_loading_and_cleaning.py
      hash: md5
      md5: 7d7777a6b231a94736287d8df331365c
      size: 1128
    outs:
    - path: data/interim
      hash: md5
      md5: b16c0d320fb70d0c913dd9a65fe995ce.dir
      size: 3020894
      nfiles: 1
  data_preprocessing:
    cmd: python income_classification/data_preprocessing.py
    deps:
    - path: data/interim
      hash: md5
      md5: b24f4cb004748f8b32d289e309728b87.dir
      size: 4129014
      nfiles: 2
    - path: income_classification/data_preprocessing.py
      hash: md5
      md5: c12749e44e913742db616538fdc42c53
      size: 3706
    params:
      params.yaml:
        data_preprocessing.random_state: 42
        data_preprocessing.test_size: 0.25
    outs:
    - path: data/processed
      hash: md5
      md5: 656e0142e5bcaa4dda122a5f4766d551.dir
      size: 5620524
      nfiles: 2
  model_training:
    cmd: python -m income_classification.modeling.model_training
    deps:
    - path: data/processed
      hash: md5
      md5: 656e0142e5bcaa4dda122a5f4766d551.dir
      size: 5620524
      nfiles: 2
    - path: income_classification/modeling/model_training.py
      hash: md5
      md5: a97c66219821c35729cfa419f32cd00a
      size: 4296
    params:
      params.yaml:
        model_training.learning_rate: 0.2
        model_training.max_depth: 3
        model_training.n_estimators: 150
    outs:
    - path: models/model.pkl
      hash: md5
      md5: 31dc202869c3462c7086ce0252435146
      size: 204596
  model_evaluation:
    cmd: python -m income_classification.modeling.model_evaluation
    deps:
    - path: data/processed
      hash: md5
      md5: 656e0142e5bcaa4dda122a5f4766d551.dir
      size: 5620524
      nfiles: 2
    - path: income_classification/modeling/model_evaluation.py
      hash: md5
      md5: d56c808aa32615ad4dd73e63f481a43a
      size: 4977
    - path: models/model.pkl
      hash: md5
      md5: 31dc202869c3462c7086ce0252435146
      size: 204596
