schema: '2.0'
stages:
  data_loading_and_cleaning:
    cmd: python income_classification/data_loading_and_cleaning.py
    deps:
    - path: data/raw
      hash: md5
      md5: 3fd59943a92e630e9354fd853dcd47e4.dir
      size: 4104734
      nfiles: 2
    - path: income_classification/data_loading_and_cleaning.py
      hash: md5
      md5: 7d7777a6b231a94736287d8df331365c
      size: 1128
    outs:
    - path: data/interim
      hash: md5
      md5: b16c0d320fb70d0c913dd9a65fe995ce.dir
      size: 3020894
      nfiles: 1
  data_preprocessing:
    cmd: python income_classification/data_preprocessing.py
    deps:
    - path: data/interim
      hash: md5
      md5: b16c0d320fb70d0c913dd9a65fe995ce.dir
      size: 3020894
      nfiles: 1
    - path: income_classification/data_preprocessing.py
      hash: md5
      md5: 3c1e5cdd0ccc42f220acc08ab0a47455
      size: 3597
    outs:
    - path: data/processed
      hash: md5
      md5: 8e935f5de7f3a627a669336275046602.dir
      size: 5620524
      nfiles: 2
  model_training:
    cmd: python -m income_classification.modeling.model_training
    deps:
    - path: data/processed
      hash: md5
      md5: 8e935f5de7f3a627a669336275046602.dir
      size: 5620524
      nfiles: 2
    - path: income_classification/modeling/model_training.py
      hash: md5
      md5: 6a93fd3c85fe9b0f5f68d71aa8f1e587
      size: 1990
    params:
      params.yaml:
        model_training.learning_rate: 0.05
        model_training.max_depth: 5
        model_training.n_estimators: 100
    outs:
    - path: models/model.pkl
      hash: md5
      md5: 33e02c7c9e84525d79b5bbb441d89919
      size: 467243
  model_evaluation:
    cmd: python -m income_classification.modeling.model_evaluation
    deps:
    - path: data/processed
      hash: md5
      md5: 8e935f5de7f3a627a669336275046602.dir
      size: 5620524
      nfiles: 2
    - path: income_classification/modeling/model_evaluation.py
      hash: md5
      md5: 7d044088fe1e5e757d64d1e5a1ef70c7
      size: 2565
    - path: models/model.pkl
      hash: md5
      md5: 33e02c7c9e84525d79b5bbb441d89919
      size: 467243
    outs:
    - path: reports/metrics.json
      hash: md5
      md5: fe77323c68ad8855a6f049524af73a5d
      size: 127
