schema: '2.0'
stages:
  data_loading_and_cleaning:
    cmd: python income_classification/data_loading_and_cleaning.py
    deps:
    - path: data/raw
      hash: md5
      md5: 3fd59943a92e630e9354fd853dcd47e4.dir
      size: 4104734
      nfiles: 2
    - path: income_classification/data_loading_and_cleaning.py
      hash: md5
      md5: 7d7777a6b231a94736287d8df331365c
      size: 1128
    outs:
    - path: data/interim
      hash: md5
      md5: b16c0d320fb70d0c913dd9a65fe995ce.dir
      size: 3020894
      nfiles: 1
  data_preprocessing:
    cmd: python income_classification/data_preprocessing.py
    deps:
    - path: data/interim
      hash: md5
      md5: b16c0d320fb70d0c913dd9a65fe995ce.dir
      size: 3020894
      nfiles: 1
    - path: income_classification/data_preprocessing.py
      hash: md5
      md5: 2107866d514e1d6c292b9fa0bdb65754
      size: 3627
    params:
      params.yaml:
        data_preprocessing.random_state: 42
        data_preprocessing.test_size: 0.25
    outs:
    - path: data/processed
      hash: md5
      md5: 656e0142e5bcaa4dda122a5f4766d551.dir
      size: 5620524
      nfiles: 2
  model_training:
    cmd: python -m income_classification.modeling.model_training
    deps:
    - path: data/processed
      hash: md5
      md5: 656e0142e5bcaa4dda122a5f4766d551.dir
      size: 5620524
      nfiles: 2
    - path: income_classification/modeling/model_training.py
      hash: md5
      md5: ea08c863468c31f3a751663cf3ed13de
      size: 3813
    params:
      params.yaml:
        model_training.learning_rate: 0.05
        model_training.max_depth: 5
        model_training.n_estimators: 500
    outs:
    - path: models/model.pkl
      hash: md5
      md5: 39c15dd4683ded31cebc0715bd9c80c6
      size: 203988
  model_evaluation:
    cmd: python -m income_classification.modeling.model_evaluation
    deps:
    - path: data/processed
      hash: md5
      md5: 656e0142e5bcaa4dda122a5f4766d551.dir
      size: 5620524
      nfiles: 2
    - path: income_classification/modeling/model_evaluation.py
      hash: md5
      md5: c07ad309c22f89880520a402cffc2c64
      size: 4827
    - path: models/model.pkl
      hash: md5
      md5: 3637d908fbe38981aa04df092d2a9ffe
      size: 2262164
